{
  "name": "api",
  "version": "1.0.0",
  "lockfileVersion": 2,
  "requires": true,
  "packages": {
    "": {
      "name": "api",
      "version": "1.0.0",
      "license": "ISC",
      "dependencies": {
        "uWebSockets.js": "github:uNetworking/uWebSockets.js#v20.3.0"
      }
    },
    "node_modules/uWebSockets.js": {
      "version": "20.3.0",
      "resolved": "git+ssh://git@github.com/uNetworking/uWebSockets.js.git#e5d6241a7bbfb0d9258780dbf6175ae34d6f18e9"
    }
  },
  "dependencies": {
    "uWebSockets.js": {
      "version": "git+ssh://git@github.com/uNetworking/uWebSockets.js.git#e5d6241a7bbfb0d9258780dbf6175ae34d6f18e9",
      "from": "uWebSockets.js@github:uNetworking/uWebSockets.js#v20.3.0"
    }
  }
}
